# This file is autogenerated, do not edit; changes may be undone by the next 'dep ensure'.


[[projects]]
  branch = "master"
  name = "github.com/go-audio/audio"
  packages = ["."]
  revision = "b697a35b5608fcf1c4f90a9d4f33d76bd70e8fe6"

[[projects]]
  branch = "master"
  name = "github.com/go-audio/wav"
  packages = ["."]
  revision = "87c13ac40f038b0316963807a7d476544c7e9136"

[[projects]]
  branch = "master"
  name = "github.com/mattetti/audio"
  packages = ["riff"]
  revision = "01576cde1f212c296c0b8ef5fa857169770c75b6"

[[projects]]
  branch = "master"
  name = "github.com/nfnt/resize"
  packages = ["."]
  revision = "83c6a9932646f83e3267f353373d47347b6036b2"

[solve-meta]
  analyzer-name = "dep"
  analyzer-version = 1
  inputs-digest = "b36e669989561f42712ba87be857f7f642732456fae60c5918bdf2ddd148f80d"
  solver-name = "gps-cdcl"
  solver-version = 1
